
Microsoft Visual Studio Solution File, Format Version 12.00
# Visual Studio 2013
VisualStudioVersion = 12.0.31101.0
MinimumVisualStudioVersion = 10.0.40219.1
Project("{FAE04EC0-301F-11D3-BF4B-00C04F79EFBC}") = "06.QuadraticEquation", "QuadraticEquation\06.QuadraticEquation.csproj", "{A35FAF1D-8E05-4F96-BC12-4B8FDE0B2D1E}"
EndProject
Project("{FAE04EC0-301F-11D3-BF4B-00C04F79EFBC}") = "07.SumOf5Numbers", "SumOf5Numbers\07.SumOf5Numbers.csproj", "{824D0110-172E-47DF-82D9-01EF4B4E9656}"
EndProject
Project("{FAE04EC0-301F-11D3-BF4B-00C04F79EFBC}") = "10.FibonacciNumbers", "FibonacciNumbers\10.FibonacciNumbers.csproj", "{A63451D1-71FC-4B23-8E1A-5C6968DE0E2A}"
EndProject
Project("{FAE04EC0-301F-11D3-BF4B-00C04F79EFBC}") = "01.SumOf3Numbers", "SumOf3Numbers\01.SumOf3Numbers.csproj", "{92DB4762-50E3-4057-BF98-0481F9909523}"
EndProject
Project("{FAE04EC0-301F-11D3-BF4B-00C04F79EFBC}") = "02.PrintCompanyInformation", "PrintCompanyInformation\02.PrintCompanyInformation.csproj", "{82F8143E-A2CA-4E75-B74C-1D7EFCCCC5F1}"
EndProject
Project("{FAE04EC0-301F-11D3-BF4B-00C04F79EFBC}") = "03.CirclePerimeterArea", "CirclePerimeterArea\03.CirclePerimeterArea.csproj", "{5BA4B959-69DC-4155-87B7-AD3774D764F9}"
EndProject
Project("{FAE04EC0-301F-11D3-BF4B-00C04F79EFBC}") = "04.NumberComparer", "NumberComparer\04.NumberComparer.csproj", "{F13D87B8-D8F3-42C7-AE5D-00EB0E3A59DE}"
EndProject
Project("{FAE04EC0-301F-11D3-BF4B-00C04F79EFBC}") = "05.FormattingNumbers", "FormattingNumbers\05.FormattingNumbers.csproj", "{29655422-E892-464E-BEBF-5650CB7DA04A}"
EndProject
Project("{FAE04EC0-301F-11D3-BF4B-00C04F79EFBC}") = "08.NumbersFrom1ToN", "NumbersFrom1ToN\08.NumbersFrom1ToN.csproj", "{255E45AC-00D0-4F5F-BC4D-CEDADE9320C8}"
EndProject
Project("{FAE04EC0-301F-11D3-BF4B-00C04F79EFBC}") = "09.SumOfNNumbers", "SumOfNNumbers\09.SumOfNNumbers.csproj", "{B9D11683-EC83-45A4-9F46-62657A4E60A0}"
EndProject
Project("{FAE04EC0-301F-11D3-BF4B-00C04F79EFBC}") = "11.DividableNumbers", "DividableNumbers\11.DividableNumbers.csproj", "{2E585F6F-03D8-4DF0-82D8-425AA46DC49E}"
EndProject
Global
	GlobalSection(SolutionConfigurationPlatforms) = preSolution
		Debug|Any CPU = Debug|Any CPU
		Release|Any CPU = Release|Any CPU
	EndGlobalSection
	GlobalSection(ProjectConfigurationPlatforms) = postSolution
		{A35FAF1D-8E05-4F96-BC12-4B8FDE0B2D1E}.Debug|Any CPU.ActiveCfg = Debug|Any CPU
		{A35FAF1D-8E05-4F96-BC12-4B8FDE0B2D1E}.Debug|Any CPU.Build.0 = Debug|Any CPU
		{A35FAF1D-8E05-4F96-BC12-4B8FDE0B2D1E}.Release|Any CPU.ActiveCfg = Release|Any CPU
		{A35FAF1D-8E05-4F96-BC12-4B8FDE0B2D1E}.Release|Any CPU.Build.0 = Release|Any CPU
		{824D0110-172E-47DF-82D9-01EF4B4E9656}.Debug|Any CPU.ActiveCfg = Debug|Any CPU
		{824D0110-172E-47DF-82D9-01EF4B4E9656}.Debug|Any CPU.Build.0 = Debug|Any CPU
		{824D0110-172E-47DF-82D9-01EF4B4E9656}.Release|Any CPU.ActiveCfg = Release|Any CPU
		{824D0110-172E-47DF-82D9-01EF4B4E9656}.Release|Any CPU.Build.0 = Release|Any CPU
		{A63451D1-71FC-4B23-8E1A-5C6968DE0E2A}.Debug|Any CPU.ActiveCfg = Debug|Any CPU
		{A63451D1-71FC-4B23-8E1A-5C6968DE0E2A}.Debug|Any CPU.Build.0 = Debug|Any CPU
		{A63451D1-71FC-4B23-8E1A-5C6968DE0E2A}.Release|Any CPU.ActiveCfg = Release|Any CPU
		{A63451D1-71FC-4B23-8E1A-5C6968DE0E2A}.Release|Any CPU.Build.0 = Release|Any CPU
		{92DB4762-50E3-4057-BF98-0481F9909523}.Debug|Any CPU.ActiveCfg = Debug|Any CPU
		{92DB4762-50E3-4057-BF98-0481F9909523}.Debug|Any CPU.Build.0 = Debug|Any CPU
		{92DB4762-50E3-4057-BF98-0481F9909523}.Release|Any CPU.ActiveCfg = Release|Any CPU
		{92DB4762-50E3-4057-BF98-0481F9909523}.Release|Any CPU.Build.0 = Release|Any CPU
		{82F8143E-A2CA-4E75-B74C-1D7EFCCCC5F1}.Debug|Any CPU.ActiveCfg = Debug|Any CPU
		{82F8143E-A2CA-4E75-B74C-1D7EFCCCC5F1}.Debug|Any CPU.Build.0 = Debug|Any CPU
		{82F8143E-A2CA-4E75-B74C-1D7EFCCCC5F1}.Release|Any CPU.ActiveCfg = Release|Any CPU
		{82F8143E-A2CA-4E75-B74C-1D7EFCCCC5F1}.Release|Any CPU.Build.0 = Release|Any CPU
		{5BA4B959-69DC-4155-87B7-AD3774D764F9}.Debug|Any CPU.ActiveCfg = Debug|Any CPU
		{5BA4B959-69DC-4155-87B7-AD3774D764F9}.Debug|Any CPU.Build.0 = Debug|Any CPU
		{5BA4B959-69DC-4155-87B7-AD3774D764F9}.Release|Any CPU.ActiveCfg = Release|Any CPU
		{5BA4B959-69DC-4155-87B7-AD3774D764F9}.Release|Any CPU.Build.0 = Release|Any CPU
		{F13D87B8-D8F3-42C7-AE5D-00EB0E3A59DE}.Debug|Any CPU.ActiveCfg = Debug|Any CPU
		{F13D87B8-D8F3-42C7-AE5D-00EB0E3A59DE}.Debug|Any CPU.Build.0 = Debug|Any CPU
		{F13D87B8-D8F3-42C7-AE5D-00EB0E3A59DE}.Release|Any CPU.ActiveCfg = Release|Any CPU
		{F13D87B8-D8F3-42C7-AE5D-00EB0E3A59DE}.Release|Any CPU.Build.0 = Release|Any CPU
		{29655422-E892-464E-BEBF-5650CB7DA04A}.Debug|Any CPU.ActiveCfg = Debug|Any CPU
		{29655422-E892-464E-BEBF-5650CB7DA04A}.Debug|Any CPU.Build.0 = Debug|Any CPU
		{29655422-E892-464E-BEBF-5650CB7DA04A}.Release|Any CPU.ActiveCfg = Release|Any CPU
		{29655422-E892-464E-BEBF-5650CB7DA04A}.Release|Any CPU.Build.0 = Release|Any CPU
		{255E45AC-00D0-4F5F-BC4D-CEDADE9320C8}.Debug|Any CPU.ActiveCfg = Debug|Any CPU
		{255E45AC-00D0-4F5F-BC4D-CEDADE9320C8}.Debug|Any CPU.Build.0 = Debug|Any CPU
		{255E45AC-00D0-4F5F-BC4D-CEDADE9320C8}.Release|Any CPU.ActiveCfg = Release|Any CPU
		{255E45AC-00D0-4F5F-BC4D-CEDADE9320C8}.Release|Any CPU.Build.0 = Release|Any CPU
		{B9D11683-EC83-45A4-9F46-62657A4E60A0}.Debug|Any CPU.ActiveCfg = Debug|Any CPU
		{B9D11683-EC83-45A4-9F46-62657A4E60A0}.Debug|Any CPU.Build.0 = Debug|Any CPU
		{B9D11683-EC83-45A4-9F46-62657A4E60A0}.Release|Any CPU.ActiveCfg = Release|Any CPU
		{B9D11683-EC83-45A4-9F46-62657A4E60A0}.Release|Any CPU.Build.0 = Release|Any CPU
		{2E585F6F-03D8-4DF0-82D8-425AA46DC49E}.Debug|Any CPU.ActiveCfg = Debug|Any CPU
		{2E585F6F-03D8-4DF0-82D8-425AA46DC49E}.Debug|Any CPU.Build.0 = Debug|Any CPU
		{2E585F6F-03D8-4DF0-82D8-425AA46DC49E}.Release|Any CPU.ActiveCfg = Release|Any CPU
		{2E585F6F-03D8-4DF0-82D8-425AA46DC49E}.Release|Any CPU.Build.0 = Release|Any CPU
	EndGlobalSection
	GlobalSection(SolutionProperties) = preSolution
		HideSolutionNode = FALSE
	EndGlobalSection
EndGlobal
